
Microsoft Visual Studio Solution File, Format Version 12.00
# Visual Studio Version 16
VisualStudioVersion = 16.0.31729.503
MinimumVisualStudioVersion = 10.0.40219.1
Project("{FAE04EC0-301F-11D3-BF4B-00C04F79EFBC}") = "Uri1005", "Uri1005\Uri1005.csproj", "{1C4440CE-24C7-4D8B-8D42-73A51EB34A08}"
EndProject
Global
	GlobalSection(SolutionConfigurationPlatforms) = preSolution
		Debug|Any CPU = Debug|Any CPU
		Release|Any CPU = Release|Any CPU
	EndGlobalSection
	GlobalSection(ProjectConfigurationPlatforms) = postSolution
		{1C4440CE-24C7-4D8B-8D42-73A51EB34A08}.Debug|Any CPU.ActiveCfg = Debug|Any CPU
		{1C4440CE-24C7-4D8B-8D42-73A51EB34A08}.Debug|Any CPU.Build.0 = Debug|Any CPU
		{1C4440CE-24C7-4D8B-8D42-73A51EB34A08}.Release|Any CPU.ActiveCfg = Release|Any CPU
		{1C4440CE-24C7-4D8B-8D42-73A51EB34A08}.Release|Any CPU.Build.0 = Release|Any CPU
	EndGlobalSection
	GlobalSection(SolutionProperties) = preSolution
		HideSolutionNode = FALSE
	EndGlobalSection
	GlobalSection(ExtensibilityGlobals) = postSolution
		SolutionGuid = {63FF9CAA-4333-446B-AF40-98E3EA4D427E}
	EndGlobalSection
EndGlobal
