
Microsoft Visual Studio Solution File, Format Version 12.00
# Visual Studio Version 16
VisualStudioVersion = 16.0.31729.503
MinimumVisualStudioVersion = 10.0.40219.1
Project("{FAE04EC0-301F-11D3-BF4B-00C04F79EFBC}") = "Uri1006", "Uri1006\Uri1006.csproj", "{5C2492A3-43EB-4807-BA15-4EE1860E09A9}"
EndProject
Global
	GlobalSection(SolutionConfigurationPlatforms) = preSolution
		Debug|Any CPU = Debug|Any CPU
		Release|Any CPU = Release|Any CPU
	EndGlobalSection
	GlobalSection(ProjectConfigurationPlatforms) = postSolution
		{5C2492A3-43EB-4807-BA15-4EE1860E09A9}.Debug|Any CPU.ActiveCfg = Debug|Any CPU
		{5C2492A3-43EB-4807-BA15-4EE1860E09A9}.Debug|Any CPU.Build.0 = Debug|Any CPU
		{5C2492A3-43EB-4807-BA15-4EE1860E09A9}.Release|Any CPU.ActiveCfg = Release|Any CPU
		{5C2492A3-43EB-4807-BA15-4EE1860E09A9}.Release|Any CPU.Build.0 = Release|Any CPU
	EndGlobalSection
	GlobalSection(SolutionProperties) = preSolution
		HideSolutionNode = FALSE
	EndGlobalSection
	GlobalSection(ExtensibilityGlobals) = postSolution
		SolutionGuid = {F069C7B5-B5F7-47FE-919C-F3DCFC2AD933}
	EndGlobalSection
EndGlobal
